
Microsoft Visual Studio Solution File, Format Version 12.00
# Visual Studio Version 16
VisualStudioVersion = 16.0.30114.105
MinimumVisualStudioVersion = 10.0.40219.1
Project("{2150E333-8FDC-42A3-9474-1A3956D46DE8}") = "Condicionais", "Condicionais", "{0220D6CE-31BE-4009-BC9A-94F1CEE6CC8A}"
EndProject
Project("{FAE04EC0-301F-11D3-BF4B-00C04F79EFBC}") = "Aninhada", "Condicionais\Aninhada\Aninhada.csproj", "{8B3551F5-5269-418E-8683-9C634CFBE25E}"
EndProject
Project("{FAE04EC0-301F-11D3-BF4B-00C04F79EFBC}") = "Escolha", "Condicionais\Escolha\Escolha.csproj", "{8B3087B2-5C6E-4D58-AA74-22C029EC4B13}"
EndProject
Project("{2150E333-8FDC-42A3-9474-1A3956D46DE8}") = "Repeticao", "Repeticao", "{05E7BFA5-386D-47ED-81FF-EE5ED5E382F7}"
EndProject
Project("{FAE04EC0-301F-11D3-BF4B-00C04F79EFBC}") = "Exerc001", "Repeticao\Exerc001\Exerc001.csproj", "{3B290B98-8AB1-41EC-8B61-54227618C81F}"
EndProject
Project("{FAE04EC0-301F-11D3-BF4B-00C04F79EFBC}") = "Exerc002", "Repeticao\Exerc002\Exerc002.csproj", "{D1B3014B-68A9-44B0-863B-1298CD87F95B}"
EndProject
Project("{FAE04EC0-301F-11D3-BF4B-00C04F79EFBC}") = "Exerc003", "Repeticao\Exerc003\Exerc003.csproj", "{12756F10-74AD-43C6-A64D-58B58E6FB430}"
EndProject
Project("{FAE04EC0-301F-11D3-BF4B-00C04F79EFBC}") = "Exerc004", "Repeticao\Exerc004\Exerc004.csproj", "{CC98F152-AE30-4501-BB72-27CA3B61AE46}"
EndProject
Project("{FAE04EC0-301F-11D3-BF4B-00C04F79EFBC}") = "Exerc005", "Repeticao\Exerc005\Exerc005.csproj", "{D4827FDD-DC1F-4B4E-95E0-DC2814959085}"
EndProject
Project("{FAE04EC0-301F-11D3-BF4B-00C04F79EFBC}") = "Exerc006", "Repeticao\Exerc006\Exerc006.csproj", "{610A8F65-5271-4A65-B6EA-4E885AEB37D2}"
EndProject
Project("{FAE04EC0-301F-11D3-BF4B-00C04F79EFBC}") = "Exerc007", "Repeticao\Exerc007\Exerc007.csproj", "{6D4DE689-6CED-4CC3-805C-825390D4A1EA}"
EndProject
Project("{FAE04EC0-301F-11D3-BF4B-00C04F79EFBC}") = "Exerc008", "Repeticao\Exerc008\Exerc008.csproj", "{CD5C8178-0216-4704-80E6-E93B8A9A2572}"
EndProject
Project("{FAE04EC0-301F-11D3-BF4B-00C04F79EFBC}") = "Exerc009", "Repeticao\Exerc009\Exerc009.csproj", "{D10643D4-2CB4-496F-B2D3-C8562D117915}"
EndProject
Project("{FAE04EC0-301F-11D3-BF4B-00C04F79EFBC}") = "Exerc010_Especial", "Repeticao\Exerc010_Especial\Exerc010_Especial.csproj", "{B44C607B-39AB-4884-B5D2-AC22F571E208}"
EndProject
Global
	GlobalSection(SolutionConfigurationPlatforms) = preSolution
		Debug|Any CPU = Debug|Any CPU
		Release|Any CPU = Release|Any CPU
	EndGlobalSection
	GlobalSection(SolutionProperties) = preSolution
		HideSolutionNode = FALSE
	EndGlobalSection
	GlobalSection(ProjectConfigurationPlatforms) = postSolution
		{8B3551F5-5269-418E-8683-9C634CFBE25E}.Debug|Any CPU.ActiveCfg = Debug|Any CPU
		{8B3551F5-5269-418E-8683-9C634CFBE25E}.Debug|Any CPU.Build.0 = Debug|Any CPU
		{8B3551F5-5269-418E-8683-9C634CFBE25E}.Release|Any CPU.ActiveCfg = Release|Any CPU
		{8B3551F5-5269-418E-8683-9C634CFBE25E}.Release|Any CPU.Build.0 = Release|Any CPU
		{8B3087B2-5C6E-4D58-AA74-22C029EC4B13}.Debug|Any CPU.ActiveCfg = Debug|Any CPU
		{8B3087B2-5C6E-4D58-AA74-22C029EC4B13}.Debug|Any CPU.Build.0 = Debug|Any CPU
		{8B3087B2-5C6E-4D58-AA74-22C029EC4B13}.Release|Any CPU.ActiveCfg = Release|Any CPU
		{8B3087B2-5C6E-4D58-AA74-22C029EC4B13}.Release|Any CPU.Build.0 = Release|Any CPU
		{3B290B98-8AB1-41EC-8B61-54227618C81F}.Debug|Any CPU.ActiveCfg = Debug|Any CPU
		{3B290B98-8AB1-41EC-8B61-54227618C81F}.Debug|Any CPU.Build.0 = Debug|Any CPU
		{3B290B98-8AB1-41EC-8B61-54227618C81F}.Release|Any CPU.ActiveCfg = Release|Any CPU
		{3B290B98-8AB1-41EC-8B61-54227618C81F}.Release|Any CPU.Build.0 = Release|Any CPU
		{D1B3014B-68A9-44B0-863B-1298CD87F95B}.Debug|Any CPU.ActiveCfg = Debug|Any CPU
		{D1B3014B-68A9-44B0-863B-1298CD87F95B}.Debug|Any CPU.Build.0 = Debug|Any CPU
		{D1B3014B-68A9-44B0-863B-1298CD87F95B}.Release|Any CPU.ActiveCfg = Release|Any CPU
		{D1B3014B-68A9-44B0-863B-1298CD87F95B}.Release|Any CPU.Build.0 = Release|Any CPU
		{12756F10-74AD-43C6-A64D-58B58E6FB430}.Debug|Any CPU.ActiveCfg = Debug|Any CPU
		{12756F10-74AD-43C6-A64D-58B58E6FB430}.Debug|Any CPU.Build.0 = Debug|Any CPU
		{12756F10-74AD-43C6-A64D-58B58E6FB430}.Release|Any CPU.ActiveCfg = Release|Any CPU
		{12756F10-74AD-43C6-A64D-58B58E6FB430}.Release|Any CPU.Build.0 = Release|Any CPU
		{CC98F152-AE30-4501-BB72-27CA3B61AE46}.Debug|Any CPU.ActiveCfg = Debug|Any CPU
		{CC98F152-AE30-4501-BB72-27CA3B61AE46}.Debug|Any CPU.Build.0 = Debug|Any CPU
		{CC98F152-AE30-4501-BB72-27CA3B61AE46}.Release|Any CPU.ActiveCfg = Release|Any CPU
		{CC98F152-AE30-4501-BB72-27CA3B61AE46}.Release|Any CPU.Build.0 = Release|Any CPU
		{D4827FDD-DC1F-4B4E-95E0-DC2814959085}.Debug|Any CPU.ActiveCfg = Debug|Any CPU
		{D4827FDD-DC1F-4B4E-95E0-DC2814959085}.Debug|Any CPU.Build.0 = Debug|Any CPU
		{D4827FDD-DC1F-4B4E-95E0-DC2814959085}.Release|Any CPU.ActiveCfg = Release|Any CPU
		{D4827FDD-DC1F-4B4E-95E0-DC2814959085}.Release|Any CPU.Build.0 = Release|Any CPU
		{610A8F65-5271-4A65-B6EA-4E885AEB37D2}.Debug|Any CPU.ActiveCfg = Debug|Any CPU
		{610A8F65-5271-4A65-B6EA-4E885AEB37D2}.Debug|Any CPU.Build.0 = Debug|Any CPU
		{610A8F65-5271-4A65-B6EA-4E885AEB37D2}.Release|Any CPU.ActiveCfg = Release|Any CPU
		{610A8F65-5271-4A65-B6EA-4E885AEB37D2}.Release|Any CPU.Build.0 = Release|Any CPU
		{6D4DE689-6CED-4CC3-805C-825390D4A1EA}.Debug|Any CPU.ActiveCfg = Debug|Any CPU
		{6D4DE689-6CED-4CC3-805C-825390D4A1EA}.Debug|Any CPU.Build.0 = Debug|Any CPU
		{6D4DE689-6CED-4CC3-805C-825390D4A1EA}.Release|Any CPU.ActiveCfg = Release|Any CPU
		{6D4DE689-6CED-4CC3-805C-825390D4A1EA}.Release|Any CPU.Build.0 = Release|Any CPU
		{CD5C8178-0216-4704-80E6-E93B8A9A2572}.Debug|Any CPU.ActiveCfg = Debug|Any CPU
		{CD5C8178-0216-4704-80E6-E93B8A9A2572}.Debug|Any CPU.Build.0 = Debug|Any CPU
		{CD5C8178-0216-4704-80E6-E93B8A9A2572}.Release|Any CPU.ActiveCfg = Release|Any CPU
		{CD5C8178-0216-4704-80E6-E93B8A9A2572}.Release|Any CPU.Build.0 = Release|Any CPU
		{D10643D4-2CB4-496F-B2D3-C8562D117915}.Debug|Any CPU.ActiveCfg = Debug|Any CPU
		{D10643D4-2CB4-496F-B2D3-C8562D117915}.Debug|Any CPU.Build.0 = Debug|Any CPU
		{D10643D4-2CB4-496F-B2D3-C8562D117915}.Release|Any CPU.ActiveCfg = Release|Any CPU
		{D10643D4-2CB4-496F-B2D3-C8562D117915}.Release|Any CPU.Build.0 = Release|Any CPU
		{B44C607B-39AB-4884-B5D2-AC22F571E208}.Debug|Any CPU.ActiveCfg = Debug|Any CPU
		{B44C607B-39AB-4884-B5D2-AC22F571E208}.Debug|Any CPU.Build.0 = Debug|Any CPU
		{B44C607B-39AB-4884-B5D2-AC22F571E208}.Release|Any CPU.ActiveCfg = Release|Any CPU
		{B44C607B-39AB-4884-B5D2-AC22F571E208}.Release|Any CPU.Build.0 = Release|Any CPU
	EndGlobalSection
	GlobalSection(NestedProjects) = preSolution
		{8B3551F5-5269-418E-8683-9C634CFBE25E} = {0220D6CE-31BE-4009-BC9A-94F1CEE6CC8A}
		{8B3087B2-5C6E-4D58-AA74-22C029EC4B13} = {0220D6CE-31BE-4009-BC9A-94F1CEE6CC8A}
		{3B290B98-8AB1-41EC-8B61-54227618C81F} = {05E7BFA5-386D-47ED-81FF-EE5ED5E382F7}
		{D1B3014B-68A9-44B0-863B-1298CD87F95B} = {05E7BFA5-386D-47ED-81FF-EE5ED5E382F7}
		{12756F10-74AD-43C6-A64D-58B58E6FB430} = {05E7BFA5-386D-47ED-81FF-EE5ED5E382F7}
		{CC98F152-AE30-4501-BB72-27CA3B61AE46} = {05E7BFA5-386D-47ED-81FF-EE5ED5E382F7}
		{D4827FDD-DC1F-4B4E-95E0-DC2814959085} = {05E7BFA5-386D-47ED-81FF-EE5ED5E382F7}
		{610A8F65-5271-4A65-B6EA-4E885AEB37D2} = {05E7BFA5-386D-47ED-81FF-EE5ED5E382F7}
		{6D4DE689-6CED-4CC3-805C-825390D4A1EA} = {05E7BFA5-386D-47ED-81FF-EE5ED5E382F7}
		{CD5C8178-0216-4704-80E6-E93B8A9A2572} = {05E7BFA5-386D-47ED-81FF-EE5ED5E382F7}
		{D10643D4-2CB4-496F-B2D3-C8562D117915} = {05E7BFA5-386D-47ED-81FF-EE5ED5E382F7}
		{B44C607B-39AB-4884-B5D2-AC22F571E208} = {05E7BFA5-386D-47ED-81FF-EE5ED5E382F7}
	EndGlobalSection
EndGlobal
