
Microsoft Visual Studio Solution File, Format Version 12.00
# Visual Studio Version 17
VisualStudioVersion = 17.2.32616.157
MinimumVisualStudioVersion = 10.0.40219.1
Project("{2150E333-8FDC-42A3-9474-1A3956D46DE8}") = "Condicionais", "Condicionais", "{3BFA113A-1496-425D-A46B-27679A826469}"
EndProject
Project("{9A19103F-16F7-4668-BE54-9A1E7A4F7556}") = "Aninhada", "Condicionais\Aninhada\Aninhada.csproj", "{42D71D35-A814-4682-A92F-25502B670B6B}"
EndProject
Project("{9A19103F-16F7-4668-BE54-9A1E7A4F7556}") = "Escolha", "Condicionais\Escolha\Escolha.csproj", "{9ED7A75D-B1EB-45BE-B9AA-C7AB03417CB9}"
EndProject
Project("{2150E333-8FDC-42A3-9474-1A3956D46DE8}") = "Repeticao", "Repeticao", "{75F2EB5D-E720-44A6-926B-F98B1E28A410}"
EndProject
Project("{2150E333-8FDC-42A3-9474-1A3956D46DE8}") = "While", "While", "{AC57BD9C-FC19-4597-BE6A-0B674C3E0461}"
EndProject
Project("{9A19103F-16F7-4668-BE54-9A1E7A4F7556}") = "Exerc001", "Repeticao\While\Exerc001\Exerc001.csproj", "{868163B1-0A97-4647-AF13-312E71CC9B50}"
EndProject
Project("{9A19103F-16F7-4668-BE54-9A1E7A4F7556}") = "Exerc002", "Repeticao\While\Exerc002\Exerc002.csproj", "{5D2F2677-5C7C-4CB6-A521-AFFD5463B807}"
EndProject
Project("{9A19103F-16F7-4668-BE54-9A1E7A4F7556}") = "Exerc003", "Repeticao\While\Exerc003\Exerc003.csproj", "{6E52E322-96D1-4045-8546-FF21C8E9A74D}"
EndProject
Project("{9A19103F-16F7-4668-BE54-9A1E7A4F7556}") = "Exerc004", "Repeticao\While\Exerc004\Exerc004.csproj", "{7054E26E-ED41-4105-9E6B-E0C7C3EAC0A1}"
EndProject
Project("{9A19103F-16F7-4668-BE54-9A1E7A4F7556}") = "Exerc005", "Repeticao\While\Exerc005\Exerc005.csproj", "{60BA8EFE-E453-4077-AB31-137E3316E8A0}"
EndProject
Project("{9A19103F-16F7-4668-BE54-9A1E7A4F7556}") = "Exerc006", "Repeticao\While\Exerc006\Exerc006.csproj", "{6BE9CA66-5B65-4266-BF46-B3E5FFF235C3}"
EndProject
Project("{9A19103F-16F7-4668-BE54-9A1E7A4F7556}") = "Exerc007", "Repeticao\While\Exerc007\Exerc007.csproj", "{FAF4B00F-64F9-4F15-8175-AA99EAC9CDAD}"
EndProject
Project("{9A19103F-16F7-4668-BE54-9A1E7A4F7556}") = "Exerc008", "Repeticao\While\Exerc008\Exerc008.csproj", "{48AD1D9E-CCB9-40F6-A5B1-5C59E1619B17}"
EndProject
Project("{9A19103F-16F7-4668-BE54-9A1E7A4F7556}") = "Exerc009", "Repeticao\While\Exerc009\Exerc009.csproj", "{FF8049CD-4FD0-4CB5-AF73-44C6526C620A}"
EndProject
Project("{9A19103F-16F7-4668-BE54-9A1E7A4F7556}") = "Exerc010_Especial", "Repeticao\While\Exerc010_Especial\Exerc010_Especial.csproj", "{46B2FA04-8C05-4359-8168-94FC404E3270}"
EndProject
Project("{2150E333-8FDC-42A3-9474-1A3956D46DE8}") = "Do_While", "Do_While", "{D60FAAAC-1378-4656-9E5F-8C932B530C55}"
EndProject
Project("{9A19103F-16F7-4668-BE54-9A1E7A4F7556}") = "Exerc011", "Repeticao\Do_While\Exerc011\Exerc011.csproj", "{77E7932C-32EB-45A9-A9A5-0B255DD2F7FE}"
EndProject
Project("{9A19103F-16F7-4668-BE54-9A1E7A4F7556}") = "Exerc012", "Repeticao\Do_While\Exerc012\Exerc012.csproj", "{99E2665C-BD69-4606-ACE1-0A3AB6D9D7AE}"
EndProject
Project("{9A19103F-16F7-4668-BE54-9A1E7A4F7556}") = "Exerc013", "Repeticao\Do_While\Exerc013\Exerc013.csproj", "{7D451BF1-F9AE-46C9-B818-5DBB0ACE59A8}"
EndProject
Project("{2150E333-8FDC-42A3-9474-1A3956D46DE8}") = "For", "For", "{692D69D6-9937-44B5-8B1B-AB76CD547E00}"
EndProject
Project("{9A19103F-16F7-4668-BE54-9A1E7A4F7556}") = "Exerc014", "Repeticao\For\Exerc014\Exerc014.csproj", "{0B806EA6-22D6-4E95-A9F0-AA326CA315D6}"
EndProject
Project("{9A19103F-16F7-4668-BE54-9A1E7A4F7556}") = "Exerc015", "Repeticao\For\Exerc015\Exerc015.csproj", "{84C857D1-FBDF-44D5-B3A5-3BF934D592A6}"
EndProject
Project("{9A19103F-16F7-4668-BE54-9A1E7A4F7556}") = "Exerc016", "Repeticao\For\Exerc016\Exerc016.csproj", "{76C5B532-1A06-476B-84D5-FDCBC6D93CA5}"
EndProject
Project("{9A19103F-16F7-4668-BE54-9A1E7A4F7556}") = "Exerc017", "Repeticao\For\Exerc017\Exerc017.csproj", "{95EAB83F-DF1E-4849-8EB9-D0A59AB2E7B3}"
EndProject
Project("{9A19103F-16F7-4668-BE54-9A1E7A4F7556}") = "Exerc018", "Repeticao\For\Exerc018\Exerc018.csproj", "{B37FB350-DAB7-423A-909C-5E68A9203C2C}"
EndProject
Project("{9A19103F-16F7-4668-BE54-9A1E7A4F7556}") = "Exerc019", "Repeticao\For\Exerc019\Exerc019.csproj", "{B168B1EA-F8DD-44CB-BB81-33E16C5016D4}"
EndProject
Project("{2150E333-8FDC-42A3-9474-1A3956D46DE8}") = "For_Aninhado", "For_Aninhado", "{395774C7-5212-47F9-A91C-BB7CFD53ACF0}"
EndProject
Project("{9A19103F-16F7-4668-BE54-9A1E7A4F7556}") = "Exerc020", "Repeticao\For\For_Aninhado\Exerc020\Exerc020.csproj", "{2B231FA0-6E0B-449B-8D23-6D26C7A13E38}"
EndProject
Project("{2150E333-8FDC-42A3-9474-1A3956D46DE8}") = "ValidandoDados", "ValidandoDados", "{3F397BE9-29DA-4985-84A9-4A51FD5FFCC2}"
EndProject
Project("{9A19103F-16F7-4668-BE54-9A1E7A4F7556}") = "Exerc021", "ValidandoDados\Exerc021\Exerc021.csproj", "{403D7D31-D91D-4E3D-90DB-461C986EE623}"
EndProject
Project("{9A19103F-16F7-4668-BE54-9A1E7A4F7556}") = "Exerc022", "ValidandoDados\Exerc022\Exerc022.csproj", "{2C63912E-B5B2-416F-B81F-2314673DE291}"
EndProject
Global
	GlobalSection(SolutionConfigurationPlatforms) = preSolution
		Debug|Any CPU = Debug|Any CPU
		Release|Any CPU = Release|Any CPU
	EndGlobalSection
	GlobalSection(ProjectConfigurationPlatforms) = postSolution
		{42D71D35-A814-4682-A92F-25502B670B6B}.Debug|Any CPU.ActiveCfg = Debug|Any CPU
		{42D71D35-A814-4682-A92F-25502B670B6B}.Debug|Any CPU.Build.0 = Debug|Any CPU
		{42D71D35-A814-4682-A92F-25502B670B6B}.Release|Any CPU.ActiveCfg = Release|Any CPU
		{42D71D35-A814-4682-A92F-25502B670B6B}.Release|Any CPU.Build.0 = Release|Any CPU
		{9ED7A75D-B1EB-45BE-B9AA-C7AB03417CB9}.Debug|Any CPU.ActiveCfg = Debug|Any CPU
		{9ED7A75D-B1EB-45BE-B9AA-C7AB03417CB9}.Debug|Any CPU.Build.0 = Debug|Any CPU
		{9ED7A75D-B1EB-45BE-B9AA-C7AB03417CB9}.Release|Any CPU.ActiveCfg = Release|Any CPU
		{9ED7A75D-B1EB-45BE-B9AA-C7AB03417CB9}.Release|Any CPU.Build.0 = Release|Any CPU
		{868163B1-0A97-4647-AF13-312E71CC9B50}.Debug|Any CPU.ActiveCfg = Debug|Any CPU
		{868163B1-0A97-4647-AF13-312E71CC9B50}.Debug|Any CPU.Build.0 = Debug|Any CPU
		{868163B1-0A97-4647-AF13-312E71CC9B50}.Release|Any CPU.ActiveCfg = Release|Any CPU
		{868163B1-0A97-4647-AF13-312E71CC9B50}.Release|Any CPU.Build.0 = Release|Any CPU
		{5D2F2677-5C7C-4CB6-A521-AFFD5463B807}.Debug|Any CPU.ActiveCfg = Debug|Any CPU
		{5D2F2677-5C7C-4CB6-A521-AFFD5463B807}.Debug|Any CPU.Build.0 = Debug|Any CPU
		{5D2F2677-5C7C-4CB6-A521-AFFD5463B807}.Release|Any CPU.ActiveCfg = Release|Any CPU
		{5D2F2677-5C7C-4CB6-A521-AFFD5463B807}.Release|Any CPU.Build.0 = Release|Any CPU
		{6E52E322-96D1-4045-8546-FF21C8E9A74D}.Debug|Any CPU.ActiveCfg = Debug|Any CPU
		{6E52E322-96D1-4045-8546-FF21C8E9A74D}.Debug|Any CPU.Build.0 = Debug|Any CPU
		{6E52E322-96D1-4045-8546-FF21C8E9A74D}.Release|Any CPU.ActiveCfg = Release|Any CPU
		{6E52E322-96D1-4045-8546-FF21C8E9A74D}.Release|Any CPU.Build.0 = Release|Any CPU
		{7054E26E-ED41-4105-9E6B-E0C7C3EAC0A1}.Debug|Any CPU.ActiveCfg = Debug|Any CPU
		{7054E26E-ED41-4105-9E6B-E0C7C3EAC0A1}.Debug|Any CPU.Build.0 = Debug|Any CPU
		{7054E26E-ED41-4105-9E6B-E0C7C3EAC0A1}.Release|Any CPU.ActiveCfg = Release|Any CPU
		{7054E26E-ED41-4105-9E6B-E0C7C3EAC0A1}.Release|Any CPU.Build.0 = Release|Any CPU
		{60BA8EFE-E453-4077-AB31-137E3316E8A0}.Debug|Any CPU.ActiveCfg = Debug|Any CPU
		{60BA8EFE-E453-4077-AB31-137E3316E8A0}.Debug|Any CPU.Build.0 = Debug|Any CPU
		{60BA8EFE-E453-4077-AB31-137E3316E8A0}.Release|Any CPU.ActiveCfg = Release|Any CPU
		{60BA8EFE-E453-4077-AB31-137E3316E8A0}.Release|Any CPU.Build.0 = Release|Any CPU
		{6BE9CA66-5B65-4266-BF46-B3E5FFF235C3}.Debug|Any CPU.ActiveCfg = Debug|Any CPU
		{6BE9CA66-5B65-4266-BF46-B3E5FFF235C3}.Debug|Any CPU.Build.0 = Debug|Any CPU
		{6BE9CA66-5B65-4266-BF46-B3E5FFF235C3}.Release|Any CPU.ActiveCfg = Release|Any CPU
		{6BE9CA66-5B65-4266-BF46-B3E5FFF235C3}.Release|Any CPU.Build.0 = Release|Any CPU
		{FAF4B00F-64F9-4F15-8175-AA99EAC9CDAD}.Debug|Any CPU.ActiveCfg = Debug|Any CPU
		{FAF4B00F-64F9-4F15-8175-AA99EAC9CDAD}.Debug|Any CPU.Build.0 = Debug|Any CPU
		{FAF4B00F-64F9-4F15-8175-AA99EAC9CDAD}.Release|Any CPU.ActiveCfg = Release|Any CPU
		{FAF4B00F-64F9-4F15-8175-AA99EAC9CDAD}.Release|Any CPU.Build.0 = Release|Any CPU
		{48AD1D9E-CCB9-40F6-A5B1-5C59E1619B17}.Debug|Any CPU.ActiveCfg = Debug|Any CPU
		{48AD1D9E-CCB9-40F6-A5B1-5C59E1619B17}.Debug|Any CPU.Build.0 = Debug|Any CPU
		{48AD1D9E-CCB9-40F6-A5B1-5C59E1619B17}.Release|Any CPU.ActiveCfg = Release|Any CPU
		{48AD1D9E-CCB9-40F6-A5B1-5C59E1619B17}.Release|Any CPU.Build.0 = Release|Any CPU
		{FF8049CD-4FD0-4CB5-AF73-44C6526C620A}.Debug|Any CPU.ActiveCfg = Debug|Any CPU
		{FF8049CD-4FD0-4CB5-AF73-44C6526C620A}.Debug|Any CPU.Build.0 = Debug|Any CPU
		{FF8049CD-4FD0-4CB5-AF73-44C6526C620A}.Release|Any CPU.ActiveCfg = Release|Any CPU
		{FF8049CD-4FD0-4CB5-AF73-44C6526C620A}.Release|Any CPU.Build.0 = Release|Any CPU
		{46B2FA04-8C05-4359-8168-94FC404E3270}.Debug|Any CPU.ActiveCfg = Debug|Any CPU
		{46B2FA04-8C05-4359-8168-94FC404E3270}.Debug|Any CPU.Build.0 = Debug|Any CPU
		{46B2FA04-8C05-4359-8168-94FC404E3270}.Release|Any CPU.ActiveCfg = Release|Any CPU
		{46B2FA04-8C05-4359-8168-94FC404E3270}.Release|Any CPU.Build.0 = Release|Any CPU
		{77E7932C-32EB-45A9-A9A5-0B255DD2F7FE}.Debug|Any CPU.ActiveCfg = Debug|Any CPU
		{77E7932C-32EB-45A9-A9A5-0B255DD2F7FE}.Debug|Any CPU.Build.0 = Debug|Any CPU
		{77E7932C-32EB-45A9-A9A5-0B255DD2F7FE}.Release|Any CPU.ActiveCfg = Release|Any CPU
		{77E7932C-32EB-45A9-A9A5-0B255DD2F7FE}.Release|Any CPU.Build.0 = Release|Any CPU
		{99E2665C-BD69-4606-ACE1-0A3AB6D9D7AE}.Debug|Any CPU.ActiveCfg = Debug|Any CPU
		{99E2665C-BD69-4606-ACE1-0A3AB6D9D7AE}.Debug|Any CPU.Build.0 = Debug|Any CPU
		{99E2665C-BD69-4606-ACE1-0A3AB6D9D7AE}.Release|Any CPU.ActiveCfg = Release|Any CPU
		{99E2665C-BD69-4606-ACE1-0A3AB6D9D7AE}.Release|Any CPU.Build.0 = Release|Any CPU
		{7D451BF1-F9AE-46C9-B818-5DBB0ACE59A8}.Debug|Any CPU.ActiveCfg = Debug|Any CPU
		{7D451BF1-F9AE-46C9-B818-5DBB0ACE59A8}.Debug|Any CPU.Build.0 = Debug|Any CPU
		{7D451BF1-F9AE-46C9-B818-5DBB0ACE59A8}.Release|Any CPU.ActiveCfg = Release|Any CPU
		{7D451BF1-F9AE-46C9-B818-5DBB0ACE59A8}.Release|Any CPU.Build.0 = Release|Any CPU
		{0B806EA6-22D6-4E95-A9F0-AA326CA315D6}.Debug|Any CPU.ActiveCfg = Debug|Any CPU
		{0B806EA6-22D6-4E95-A9F0-AA326CA315D6}.Debug|Any CPU.Build.0 = Debug|Any CPU
		{0B806EA6-22D6-4E95-A9F0-AA326CA315D6}.Release|Any CPU.ActiveCfg = Release|Any CPU
		{0B806EA6-22D6-4E95-A9F0-AA326CA315D6}.Release|Any CPU.Build.0 = Release|Any CPU
		{84C857D1-FBDF-44D5-B3A5-3BF934D592A6}.Debug|Any CPU.ActiveCfg = Debug|Any CPU
		{84C857D1-FBDF-44D5-B3A5-3BF934D592A6}.Debug|Any CPU.Build.0 = Debug|Any CPU
		{84C857D1-FBDF-44D5-B3A5-3BF934D592A6}.Release|Any CPU.ActiveCfg = Release|Any CPU
		{84C857D1-FBDF-44D5-B3A5-3BF934D592A6}.Release|Any CPU.Build.0 = Release|Any CPU
		{76C5B532-1A06-476B-84D5-FDCBC6D93CA5}.Debug|Any CPU.ActiveCfg = Debug|Any CPU
		{76C5B532-1A06-476B-84D5-FDCBC6D93CA5}.Debug|Any CPU.Build.0 = Debug|Any CPU
		{76C5B532-1A06-476B-84D5-FDCBC6D93CA5}.Release|Any CPU.ActiveCfg = Release|Any CPU
		{76C5B532-1A06-476B-84D5-FDCBC6D93CA5}.Release|Any CPU.Build.0 = Release|Any CPU
		{95EAB83F-DF1E-4849-8EB9-D0A59AB2E7B3}.Debug|Any CPU.ActiveCfg = Debug|Any CPU
		{95EAB83F-DF1E-4849-8EB9-D0A59AB2E7B3}.Debug|Any CPU.Build.0 = Debug|Any CPU
		{95EAB83F-DF1E-4849-8EB9-D0A59AB2E7B3}.Release|Any CPU.ActiveCfg = Release|Any CPU
		{95EAB83F-DF1E-4849-8EB9-D0A59AB2E7B3}.Release|Any CPU.Build.0 = Release|Any CPU
		{B37FB350-DAB7-423A-909C-5E68A9203C2C}.Debug|Any CPU.ActiveCfg = Debug|Any CPU
		{B37FB350-DAB7-423A-909C-5E68A9203C2C}.Debug|Any CPU.Build.0 = Debug|Any CPU
		{B37FB350-DAB7-423A-909C-5E68A9203C2C}.Release|Any CPU.ActiveCfg = Release|Any CPU
		{B37FB350-DAB7-423A-909C-5E68A9203C2C}.Release|Any CPU.Build.0 = Release|Any CPU
		{B168B1EA-F8DD-44CB-BB81-33E16C5016D4}.Debug|Any CPU.ActiveCfg = Debug|Any CPU
		{B168B1EA-F8DD-44CB-BB81-33E16C5016D4}.Debug|Any CPU.Build.0 = Debug|Any CPU
		{B168B1EA-F8DD-44CB-BB81-33E16C5016D4}.Release|Any CPU.ActiveCfg = Release|Any CPU
		{B168B1EA-F8DD-44CB-BB81-33E16C5016D4}.Release|Any CPU.Build.0 = Release|Any CPU
		{2B231FA0-6E0B-449B-8D23-6D26C7A13E38}.Debug|Any CPU.ActiveCfg = Debug|Any CPU
		{2B231FA0-6E0B-449B-8D23-6D26C7A13E38}.Debug|Any CPU.Build.0 = Debug|Any CPU
		{2B231FA0-6E0B-449B-8D23-6D26C7A13E38}.Release|Any CPU.ActiveCfg = Release|Any CPU
		{2B231FA0-6E0B-449B-8D23-6D26C7A13E38}.Release|Any CPU.Build.0 = Release|Any CPU
		{403D7D31-D91D-4E3D-90DB-461C986EE623}.Debug|Any CPU.ActiveCfg = Debug|Any CPU
		{403D7D31-D91D-4E3D-90DB-461C986EE623}.Debug|Any CPU.Build.0 = Debug|Any CPU
		{403D7D31-D91D-4E3D-90DB-461C986EE623}.Release|Any CPU.ActiveCfg = Release|Any CPU
		{403D7D31-D91D-4E3D-90DB-461C986EE623}.Release|Any CPU.Build.0 = Release|Any CPU
		{2C63912E-B5B2-416F-B81F-2314673DE291}.Debug|Any CPU.ActiveCfg = Debug|Any CPU
		{2C63912E-B5B2-416F-B81F-2314673DE291}.Debug|Any CPU.Build.0 = Debug|Any CPU
		{2C63912E-B5B2-416F-B81F-2314673DE291}.Release|Any CPU.ActiveCfg = Release|Any CPU
		{2C63912E-B5B2-416F-B81F-2314673DE291}.Release|Any CPU.Build.0 = Release|Any CPU
	EndGlobalSection
	GlobalSection(SolutionProperties) = preSolution
		HideSolutionNode = FALSE
	EndGlobalSection
	GlobalSection(NestedProjects) = preSolution
		{42D71D35-A814-4682-A92F-25502B670B6B} = {3BFA113A-1496-425D-A46B-27679A826469}
		{9ED7A75D-B1EB-45BE-B9AA-C7AB03417CB9} = {3BFA113A-1496-425D-A46B-27679A826469}
		{AC57BD9C-FC19-4597-BE6A-0B674C3E0461} = {75F2EB5D-E720-44A6-926B-F98B1E28A410}
		{868163B1-0A97-4647-AF13-312E71CC9B50} = {AC57BD9C-FC19-4597-BE6A-0B674C3E0461}
		{5D2F2677-5C7C-4CB6-A521-AFFD5463B807} = {AC57BD9C-FC19-4597-BE6A-0B674C3E0461}
		{6E52E322-96D1-4045-8546-FF21C8E9A74D} = {AC57BD9C-FC19-4597-BE6A-0B674C3E0461}
		{7054E26E-ED41-4105-9E6B-E0C7C3EAC0A1} = {AC57BD9C-FC19-4597-BE6A-0B674C3E0461}
		{60BA8EFE-E453-4077-AB31-137E3316E8A0} = {AC57BD9C-FC19-4597-BE6A-0B674C3E0461}
		{6BE9CA66-5B65-4266-BF46-B3E5FFF235C3} = {AC57BD9C-FC19-4597-BE6A-0B674C3E0461}
		{FAF4B00F-64F9-4F15-8175-AA99EAC9CDAD} = {AC57BD9C-FC19-4597-BE6A-0B674C3E0461}
		{48AD1D9E-CCB9-40F6-A5B1-5C59E1619B17} = {AC57BD9C-FC19-4597-BE6A-0B674C3E0461}
		{FF8049CD-4FD0-4CB5-AF73-44C6526C620A} = {AC57BD9C-FC19-4597-BE6A-0B674C3E0461}
		{46B2FA04-8C05-4359-8168-94FC404E3270} = {AC57BD9C-FC19-4597-BE6A-0B674C3E0461}
		{D60FAAAC-1378-4656-9E5F-8C932B530C55} = {75F2EB5D-E720-44A6-926B-F98B1E28A410}
		{77E7932C-32EB-45A9-A9A5-0B255DD2F7FE} = {D60FAAAC-1378-4656-9E5F-8C932B530C55}
		{99E2665C-BD69-4606-ACE1-0A3AB6D9D7AE} = {D60FAAAC-1378-4656-9E5F-8C932B530C55}
		{7D451BF1-F9AE-46C9-B818-5DBB0ACE59A8} = {D60FAAAC-1378-4656-9E5F-8C932B530C55}
		{692D69D6-9937-44B5-8B1B-AB76CD547E00} = {75F2EB5D-E720-44A6-926B-F98B1E28A410}
		{0B806EA6-22D6-4E95-A9F0-AA326CA315D6} = {692D69D6-9937-44B5-8B1B-AB76CD547E00}
		{84C857D1-FBDF-44D5-B3A5-3BF934D592A6} = {692D69D6-9937-44B5-8B1B-AB76CD547E00}
		{76C5B532-1A06-476B-84D5-FDCBC6D93CA5} = {692D69D6-9937-44B5-8B1B-AB76CD547E00}
		{95EAB83F-DF1E-4849-8EB9-D0A59AB2E7B3} = {692D69D6-9937-44B5-8B1B-AB76CD547E00}
		{B37FB350-DAB7-423A-909C-5E68A9203C2C} = {692D69D6-9937-44B5-8B1B-AB76CD547E00}
		{B168B1EA-F8DD-44CB-BB81-33E16C5016D4} = {692D69D6-9937-44B5-8B1B-AB76CD547E00}
		{395774C7-5212-47F9-A91C-BB7CFD53ACF0} = {692D69D6-9937-44B5-8B1B-AB76CD547E00}
		{2B231FA0-6E0B-449B-8D23-6D26C7A13E38} = {395774C7-5212-47F9-A91C-BB7CFD53ACF0}
		{403D7D31-D91D-4E3D-90DB-461C986EE623} = {3F397BE9-29DA-4985-84A9-4A51FD5FFCC2}
		{2C63912E-B5B2-416F-B81F-2314673DE291} = {3F397BE9-29DA-4985-84A9-4A51FD5FFCC2}
	EndGlobalSection
	GlobalSection(ExtensibilityGlobals) = postSolution
		SolutionGuid = {B3BC4BE1-9FAA-4897-91C2-355AF0D4FC36}
	EndGlobalSection
EndGlobal
